
Microsoft Visual Studio Solution File, Format Version 12.00
# Visual Studio 15
VisualStudioVersion = 15.0.28010.2048
MinimumVisualStudioVersion = 10.0.40219.1
Project("{FAE04EC0-301F-11D3-BF4B-00C04F79EFBC}") = "VTLib", "VTLib\VTLib.csproj", "{64F64942-3E61-41A2-B61B-C80F14BFAE04}"
EndProject
Project("{FAE04EC0-301F-11D3-BF4B-00C04F79EFBC}") = "VTWebFW", "VTWeb\VTWebFW.csproj", "{435F733F-B7F3-4238-A394-75ECAA8AA0DC}"
EndProject
Project("{FAE04EC0-301F-11D3-BF4B-00C04F79EFBC}") = "VTAppFW", "VTAppFW\VTAppFW.csproj", "{D671301F-D409-48B3-AC82-7239F9BC0A3E}"
EndProject
Global
	GlobalSection(SolutionConfigurationPlatforms) = preSolution
		Debug|Any CPU = Debug|Any CPU
		Release|Any CPU = Release|Any CPU
	EndGlobalSection
	GlobalSection(ProjectConfigurationPlatforms) = postSolution
		{64F64942-3E61-41A2-B61B-C80F14BFAE04}.Debug|Any CPU.ActiveCfg = Debug|Any CPU
		{64F64942-3E61-41A2-B61B-C80F14BFAE04}.Debug|Any CPU.Build.0 = Debug|Any CPU
		{64F64942-3E61-41A2-B61B-C80F14BFAE04}.Release|Any CPU.ActiveCfg = Release|Any CPU
		{64F64942-3E61-41A2-B61B-C80F14BFAE04}.Release|Any CPU.Build.0 = Release|Any CPU
		{435F733F-B7F3-4238-A394-75ECAA8AA0DC}.Debug|Any CPU.ActiveCfg = Debug|Any CPU
		{435F733F-B7F3-4238-A394-75ECAA8AA0DC}.Debug|Any CPU.Build.0 = Debug|Any CPU
		{435F733F-B7F3-4238-A394-75ECAA8AA0DC}.Release|Any CPU.ActiveCfg = Release|Any CPU
		{435F733F-B7F3-4238-A394-75ECAA8AA0DC}.Release|Any CPU.Build.0 = Release|Any CPU
		{D671301F-D409-48B3-AC82-7239F9BC0A3E}.Debug|Any CPU.ActiveCfg = Debug|Any CPU
		{D671301F-D409-48B3-AC82-7239F9BC0A3E}.Debug|Any CPU.Build.0 = Debug|Any CPU
		{D671301F-D409-48B3-AC82-7239F9BC0A3E}.Release|Any CPU.ActiveCfg = Release|Any CPU
		{D671301F-D409-48B3-AC82-7239F9BC0A3E}.Release|Any CPU.Build.0 = Release|Any CPU
	EndGlobalSection
	GlobalSection(SolutionProperties) = preSolution
		HideSolutionNode = FALSE
	EndGlobalSection
	GlobalSection(ExtensibilityGlobals) = postSolution
		SolutionGuid = {33785C17-7C83-4618-BC73-E94BEE0420A6}
	EndGlobalSection
EndGlobal
